<?xml version="1.0" encoding="utf-8"?>
<Project ToolsVersion="4.0" xmlns="http://schemas.microsoft.com/developer/msbuild/2003">
  <ItemGroup>
    <Filter Include="Core">
      <UniqueIdentifier>{04545d26-180a-4ccb-b8df-502682eff861}</UniqueIdentifier>
    </Filter>
    <Filter Include="Core\Memory">
      <UniqueIdentifier>{9b3fe617-9c67-49f0-a249-d1140d669a97}</UniqueIdentifier>
    </Filter>
    <Filter Include="Core\Utilities">
      <UniqueIdentifier>{5382473e-a801-4d07-b558-6e51d5828421}</UniqueIdentifier>
    </Filter>
  </ItemGroup>
  <ItemGroup>
    <ClCompile Include="Core\dllmain.cpp">
      <Filter>Core</Filter>
    </ClCompile>
  </ItemGroup>
  <ItemGroup>
    <ClInclude Include="Core\Utilities\Imports.hpp">
      <Filter>Core\Utilities</Filter>
    </ClInclude>
    <ClInclude Include="Core\Memory\Memory.hpp">
      <Filter>Core\Memory</Filter>
    </ClInclude>
    <ClInclude Include="Core\Structure.hpp">
      <Filter>Core</Filter>
    </ClInclude>
  </ItemGroup>
</Project>